# This file is autogenerated, do not edit; changes may be undone by the next 'dep ensure'.


[[projects]]
  branch = "master"
  name = "github.com/kisielk/gotool"
  packages = ["."]
  revision = "0de1eaf82fa3f583ce21fde859f1e7e0c5e9b220"

[[projects]]
  branch = "master"
  name = "golang.org/x/tools"
  packages = ["go/ast/astutil","go/buildutil","go/loader"]
  revision = "0f5d61c4c19cce89dd1354f5d5a97e14bb02d3d2"

[solve-meta]
  analyzer-name = "dep"
  analyzer-version = 1
  inputs-digest = "11d79580521c643995df55a9dc2ac4278beb29c58c6a0cd04dbdfe9a7425e68f"
  solver-name = "gps-cdcl"
  solver-version = 1
