# This file is autogenerated, do not edit; changes may be undone by the next 'dep ensure'.


[[projects]]
  digest = "1:04eb2b1e456031d95dbc76c9a42fa8a2da0d61ae5111d6aa277cbefba53c7e8f"
  name = "github.com/kisielk/gotool"
  packages = [
    ".",
    "internal/load",
  ]
  pruneopts = "NUT"
  revision = "80517062f582ea3340cd4baf70e86d539ae7d84d"
  version = "v1.0.0"

[[projects]]
  branch = "master"
  digest = "1:c1d30a71509acd5b72d8e1954e5aabbfff278e7ee0f558dce0291fd4f5f125a2"
  name = "golang.org/x/tools"
  packages = [
    "go/ast/astutil",
    "go/buildutil",
    "go/internal/cgo",
    "go/loader",
    "refactor/importgraph",
  ]
  pruneopts = "NUT"
  revision = "677d2ff680c188ddb7dcd2bfa6bc7d3f2f2f75b2"

[solve-meta]
  analyzer-name = "dep"
  analyzer-version = 1
  input-imports = [
    "github.com/kisielk/gotool",
    "golang.org/x/tools/go/ast/astutil",
    "golang.org/x/tools/go/buildutil",
    "golang.org/x/tools/go/loader",
    "golang.org/x/tools/refactor/importgraph",
  ]
  solver-name = "gps-cdcl"
  solver-version = 1
